{
  "version": 4,
  "terraform_version": "1.14.0",
  "serial": 9,
  "lineage": "d0ef106f-2924-6dc5-aeeb-545e18d494f6",
  "outputs": {
    "toyshare_data_disk_id": {
      "value": "/subscriptions/516c683e-d8f1-429f-8977-56e975fd6c10/resourceGroups/rg-sreyas-projects/providers/Microsoft.Compute/disks/disk-toyshare-data",
      "type": "string"
    },
    "toyshare_vm_fqdn": {
      "value": "toyshare-vm.eastus.cloudapp.azure.com",
      "type": "string"
    },
    "toyshare_vm_private_ip": {
      "value": "10.0.1.5",
      "type": "string"
    },
    "toyshare_vm_public_ip": {
      "value": "20.51.196.218",
      "type": "string"
    }
  },
  "resources": [
    {
      "mode": "data",
      "type": "azurerm_network_security_group",
      "name": "public",
      "provider": "provider[\"registry.terraform.io/hashicorp/azurerm\"]",
      "instances": [
        {
          "schema_version": 0,
          "attributes": {
            "id": "/subscriptions/516c683e-d8f1-429f-8977-56e975fd6c10/resourceGroups/rg-sreyas-projects/providers/Microsoft.Network/networkSecurityGroups/nsg-sreyas-projects-public",
            "location": "eastus",
            "name": "nsg-sreyas-projects-public",
            "resource_group_name": "rg-sreyas-projects",
            "security_rule": [
              {
                "access": "Allow",
                "description": "",
                "destination_address_prefix": "*",
                "destination_address_prefixes": [],
                "destination_application_security_group_ids": [],
                "destination_port_range": "443",
                "destination_port_ranges": [],
                "direction": "Inbound",
                "name": "HTTPS-Restricted",
                "priority": 1003,
                "protocol": "Tcp",
                "source_address_prefix": "",
                "source_address_prefixes": [
                  "136.226.78.0/24",
                  "170.85.154.0/24",
                  "172.126.69.0/24"
                ],
                "source_application_security_group_ids": [],
                "source_port_range": "*",
                "source_port_ranges": []
              },
              {
                "access": "Allow",
                "description": "",
                "destination_address_prefix": "*",
                "destination_address_prefixes": [],
                "destination_application_security_group_ids": [],
                "destination_port_range": "22",
                "destination_port_ranges": [],
                "direction": "Inbound",
                "name": "SSH-Restricted",
                "priority": 1001,
                "protocol": "Tcp",
                "source_address_prefix": "",
                "source_address_prefixes": [
                  "136.226.78.0/24",
                  "170.85.154.0/24",
                  "172.126.69.0/24"
                ],
                "source_application_security_group_ids": [],
                "source_port_range": "*",
                "source_port_ranges": []
              }
            ],
            "tags": {
              "App": "Sreyas Home Page",
              "Environment": "Development",
              "Owner": "DevOps Team",
              "Project": "Azure VPC Setup"
            },
            "timeouts": null
          },
          "sensitive_attributes": [],
          "identity_schema_version": 0
        }
      ]
    },
    {
      "mode": "data",
      "type": "azurerm_resource_group",
      "name": "existing",
      "provider": "provider[\"registry.terraform.io/hashicorp/azurerm\"]",
      "instances": [
        {
          "schema_version": 0,
          "attributes": {
            "id": "/subscriptions/516c683e-d8f1-429f-8977-56e975fd6c10/resourceGroups/rg-sreyas-projects",
            "location": "eastus",
            "managed_by": "",
            "name": "rg-sreyas-projects",
            "tags": {
              "App": "Sreyas Home Page",
              "Environment": "Development",
              "Owner": "DevOps Team",
              "Project": "Azure VPC Setup"
            },
            "timeouts": null
          },
          "sensitive_attributes": [],
          "identity_schema_version": 0
        }
      ]
    },
    {
      "mode": "data",
      "type": "azurerm_subnet",
      "name": "public",
      "provider": "provider[\"registry.terraform.io/hashicorp/azurerm\"]",
      "instances": [
        {
          "schema_version": 0,
          "attributes": {
            "address_prefix": "10.0.1.0/24",
            "address_prefixes": [
              "10.0.1.0/24"
            ],
            "default_outbound_access_enabled": true,
            "enforce_private_link_endpoint_network_policies": false,
            "enforce_private_link_service_network_policies": false,
            "id": "/subscriptions/516c683e-d8f1-429f-8977-56e975fd6c10/resourceGroups/rg-sreyas-projects/providers/Microsoft.Network/virtualNetworks/vnet-sreyas-projects/subnets/subnet-sreyas-projects-public",
            "name": "subnet-sreyas-projects-public",
            "network_security_group_id": "/subscriptions/516c683e-d8f1-429f-8977-56e975fd6c10/resourceGroups/rg-sreyas-projects/providers/Microsoft.Network/networkSecurityGroups/nsg-sreyas-projects-public",
            "private_endpoint_network_policies": "Enabled",
            "private_endpoint_network_policies_enabled": true,
            "private_link_service_network_policies_enabled": true,
            "resource_group_name": "rg-sreyas-projects",
            "route_table_id": "",
            "service_endpoints": [],
            "timeouts": null,
            "virtual_network_name": "vnet-sreyas-projects"
          },
          "sensitive_attributes": [],
          "identity_schema_version": 0
        }
      ]
    },
    {
      "mode": "data",
      "type": "azurerm_virtual_network",
      "name": "existing",
      "provider": "provider[\"registry.terraform.io/hashicorp/azurerm\"]",
      "instances": [
        {
          "schema_version": 0,
          "attributes": {
            "address_space": [
              "10.0.0.0/16"
            ],
            "dns_servers": [],
            "guid": "689076aa-e76c-4d8e-b043-6ace38d5cc51",
            "id": "/subscriptions/516c683e-d8f1-429f-8977-56e975fd6c10/resourceGroups/rg-sreyas-projects/providers/Microsoft.Network/virtualNetworks/vnet-sreyas-projects",
            "location": "eastus",
            "name": "vnet-sreyas-projects",
            "resource_group_name": "rg-sreyas-projects",
            "subnets": [
              "subnet-sreyas-projects-private",
              "subnet-sreyas-projects-public"
            ],
            "tags": {
              "App": "Sreyas Home Page",
              "Environment": "Development",
              "Owner": "DevOps Team",
              "Project": "Azure VPC Setup"
            },
            "timeouts": null,
            "vnet_peerings": {},
            "vnet_peerings_addresses": []
          },
          "sensitive_attributes": [],
          "identity_schema_version": 0
        }
      ]
    },
    {
      "mode": "managed",
      "type": "azurerm_managed_disk",
      "name": "toyshare_data",
      "provider": "provider[\"registry.terraform.io/hashicorp/azurerm\"]",
      "instances": [
        {
          "schema_version": 1,
          "attributes": {
            "create_option": "Empty",
            "disk_access_id": "",
            "disk_encryption_set_id": "",
            "disk_iops_read_only": 0,
            "disk_iops_read_write": 500,
            "disk_mbps_read_only": 0,
            "disk_mbps_read_write": 60,
            "disk_size_gb": 50,
            "edge_zone": "",
            "encryption_settings": [],
            "gallery_image_reference_id": "",
            "hyper_v_generation": "",
            "id": "/subscriptions/516c683e-d8f1-429f-8977-56e975fd6c10/resourceGroups/rg-sreyas-projects/providers/Microsoft.Compute/disks/disk-toyshare-data",
            "image_reference_id": "",
            "location": "eastus",
            "logical_sector_size": null,
            "max_shares": 0,
            "name": "disk-toyshare-data",
            "network_access_policy": null,
            "on_demand_bursting_enabled": false,
            "optimized_frequent_attach_enabled": false,
            "os_type": "",
            "performance_plus_enabled": false,
            "public_network_access_enabled": true,
            "resource_group_name": "rg-sreyas-projects",
            "secure_vm_disk_encryption_set_id": "",
            "security_type": "",
            "source_resource_id": "",
            "source_uri": "",
            "storage_account_id": "",
            "storage_account_type": "Standard_LRS",
            "tags": {
              "Environment": "Development",
              "Owner": "DevOps Team",
              "Project": "ToyShare",
              "Purpose": "Node.js file sharing application"
            },
            "tier": "",
            "timeouts": null,
            "trusted_launch_enabled": false,
            "upload_size_bytes": 0,
            "zone": ""
          },
          "sensitive_attributes": [],
          "identity_schema_version": 0,
          "private": "eyJlMmJmYjczMC1lY2FhLTExZTYtOGY4OC0zNDM2M2JjN2M0YzAiOnsiY3JlYXRlIjoxODAwMDAwMDAwMDAwLCJkZWxldGUiOjE4MDAwMDAwMDAwMDAsInJlYWQiOjMwMDAwMDAwMDAwMCwidXBkYXRlIjoxODAwMDAwMDAwMDAwfSwic2NoZW1hX3ZlcnNpb24iOiIxIn0=",
          "dependencies": [
            "data.azurerm_resource_group.existing"
          ]
        }
      ]
    },
    {
      "mode": "managed",
      "type": "azurerm_network_interface",
      "name": "toyshare_vm_nic",
      "provider": "provider[\"registry.terraform.io/hashicorp/azurerm\"]",
      "instances": [
        {
          "schema_version": 0,
          "attributes": {
            "accelerated_networking_enabled": false,
            "applied_dns_servers": [],
            "auxiliary_mode": "",
            "auxiliary_sku": "",
            "dns_servers": [],
            "edge_zone": "",
            "enable_accelerated_networking": false,
            "enable_ip_forwarding": false,
            "id": "/subscriptions/516c683e-d8f1-429f-8977-56e975fd6c10/resourceGroups/rg-sreyas-projects/providers/Microsoft.Network/networkInterfaces/nic-toyshare-vm",
            "internal_dns_name_label": "",
            "internal_domain_name_suffix": "vj1ja0dm24he1mcdnlhdrvomkb.bx.internal.cloudapp.net",
            "ip_configuration": [
              {
                "gateway_load_balancer_frontend_ip_configuration_id": "",
                "name": "ipcfg-toyshare",
                "primary": true,
                "private_ip_address": "10.0.1.5",
                "private_ip_address_allocation": "Dynamic",
                "private_ip_address_version": "IPv4",
                "public_ip_address_id": "/subscriptions/516c683e-d8f1-429f-8977-56e975fd6c10/resourceGroups/rg-sreyas-projects/providers/Microsoft.Network/publicIPAddresses/pip-toyshare-vm",
                "subnet_id": "/subscriptions/516c683e-d8f1-429f-8977-56e975fd6c10/resourceGroups/rg-sreyas-projects/providers/Microsoft.Network/virtualNetworks/vnet-sreyas-projects/subnets/subnet-sreyas-projects-public"
              }
            ],
            "ip_forwarding_enabled": false,
            "location": "eastus",
            "mac_address": "",
            "name": "nic-toyshare-vm",
            "private_ip_address": "10.0.1.5",
            "private_ip_addresses": [
              "10.0.1.5"
            ],
            "resource_group_name": "rg-sreyas-projects",
            "tags": {
              "Environment": "Development",
              "Owner": "DevOps Team",
              "Project": "ToyShare",
              "Purpose": "Node.js file sharing application"
            },
            "timeouts": null,
            "virtual_machine_id": ""
          },
          "sensitive_attributes": [],
          "identity_schema_version": 0,
          "private": "eyJlMmJmYjczMC1lY2FhLTExZTYtOGY4OC0zNDM2M2JjN2M0YzAiOnsiY3JlYXRlIjoxODAwMDAwMDAwMDAwLCJkZWxldGUiOjE4MDAwMDAwMDAwMDAsInJlYWQiOjMwMDAwMDAwMDAwMCwidXBkYXRlIjoxODAwMDAwMDAwMDAwfX0=",
          "dependencies": [
            "azurerm_public_ip.toyshare_vm_pip",
            "data.azurerm_resource_group.existing",
            "data.azurerm_subnet.public",
            "data.azurerm_virtual_network.existing"
          ]
        }
      ]
    },
    {
      "mode": "managed",
      "type": "azurerm_network_interface_security_group_association",
      "name": "toyshare_nsg_assoc",
      "provider": "provider[\"registry.terraform.io/hashicorp/azurerm\"]",
      "instances": [
        {
          "schema_version": 0,
          "attributes": {
            "id": "/subscriptions/516c683e-d8f1-429f-8977-56e975fd6c10/resourceGroups/rg-sreyas-projects/providers/Microsoft.Network/networkInterfaces/nic-toyshare-vm|/subscriptions/516c683e-d8f1-429f-8977-56e975fd6c10/resourceGroups/rg-sreyas-projects/providers/Microsoft.Network/networkSecurityGroups/nsg-toyshare-vm",
            "network_interface_id": "/subscriptions/516c683e-d8f1-429f-8977-56e975fd6c10/resourceGroups/rg-sreyas-projects/providers/Microsoft.Network/networkInterfaces/nic-toyshare-vm",
            "network_security_group_id": "/subscriptions/516c683e-d8f1-429f-8977-56e975fd6c10/resourceGroups/rg-sreyas-projects/providers/Microsoft.Network/networkSecurityGroups/nsg-toyshare-vm",
            "timeouts": null
          },
          "sensitive_attributes": [],
          "identity_schema_version": 0,
          "private": "eyJlMmJmYjczMC1lY2FhLTExZTYtOGY4OC0zNDM2M2JjN2M0YzAiOnsiY3JlYXRlIjoxODAwMDAwMDAwMDAwLCJkZWxldGUiOjE4MDAwMDAwMDAwMDAsInJlYWQiOjMwMDAwMDAwMDAwMH19",
          "dependencies": [
            "azurerm_network_interface.toyshare_vm_nic",
            "azurerm_network_security_group.toyshare_nsg",
            "azurerm_public_ip.toyshare_vm_pip",
            "data.azurerm_resource_group.existing",
            "data.azurerm_subnet.public",
            "data.azurerm_virtual_network.existing"
          ]
        }
      ]
    },
    {
      "mode": "managed",
      "type": "azurerm_network_security_group",
      "name": "toyshare_nsg",
      "provider": "provider[\"registry.terraform.io/hashicorp/azurerm\"]",
      "instances": [
        {
          "schema_version": 0,
          "attributes": {
            "id": "/subscriptions/516c683e-d8f1-429f-8977-56e975fd6c10/resourceGroups/rg-sreyas-projects/providers/Microsoft.Network/networkSecurityGroups/nsg-toyshare-vm",
            "location": "eastus",
            "name": "nsg-toyshare-vm",
            "resource_group_name": "rg-sreyas-projects",
            "security_rule": [
              {
                "access": "Allow",
                "description": "",
                "destination_address_prefix": "*",
                "destination_address_prefixes": [],
                "destination_application_security_group_ids": [],
                "destination_port_range": "*",
                "destination_port_ranges": [],
                "direction": "Outbound",
                "name": "Allow-Outbound",
                "priority": 100,
                "protocol": "*",
                "source_address_prefix": "*",
                "source_address_prefixes": [],
                "source_application_security_group_ids": [],
                "source_port_range": "*",
                "source_port_ranges": []
              },
              {
                "access": "Allow",
                "description": "",
                "destination_address_prefix": "*",
                "destination_address_prefixes": [],
                "destination_application_security_group_ids": [],
                "destination_port_range": "22",
                "destination_port_ranges": [],
                "direction": "Inbound",
                "name": "SSH-Restricted",
                "priority": 1001,
                "protocol": "Tcp",
                "source_address_prefix": "",
                "source_address_prefixes": [
                  "170.85.154.0/24"
                ],
                "source_application_security_group_ids": [],
                "source_port_range": "*",
                "source_port_ranges": []
              },
              {
                "access": "Allow",
                "description": "",
                "destination_address_prefix": "*",
                "destination_address_prefixes": [],
                "destination_application_security_group_ids": [],
                "destination_port_range": "3000",
                "destination_port_ranges": [],
                "direction": "Inbound",
                "name": "NodeJS-Restricted",
                "priority": 1004,
                "protocol": "Tcp",
                "source_address_prefix": "",
                "source_address_prefixes": [
                  "170.85.154.0/24",
                  "172.126.69.0/24"
                ],
                "source_application_security_group_ids": [],
                "source_port_range": "*",
                "source_port_ranges": []
              },
              {
                "access": "Allow",
                "description": "",
                "destination_address_prefix": "*",
                "destination_address_prefixes": [],
                "destination_application_security_group_ids": [],
                "destination_port_range": "443",
                "destination_port_ranges": [],
                "direction": "Inbound",
                "name": "HTTPS-Public",
                "priority": 1003,
                "protocol": "Tcp",
                "source_address_prefix": "*",
                "source_address_prefixes": [],
                "source_application_security_group_ids": [],
                "source_port_range": "*",
                "source_port_ranges": []
              },
              {
                "access": "Allow",
                "description": "",
                "destination_address_prefix": "*",
                "destination_address_prefixes": [],
                "destination_application_security_group_ids": [],
                "destination_port_range": "80",
                "destination_port_ranges": [],
                "direction": "Inbound",
                "name": "HTTP-Public",
                "priority": 1002,
                "protocol": "Tcp",
                "source_address_prefix": "*",
                "source_address_prefixes": [],
                "source_application_security_group_ids": [],
                "source_port_range": "*",
                "source_port_ranges": []
              }
            ],
            "tags": {
              "Environment": "Development",
              "Owner": "DevOps Team",
              "Project": "ToyShare",
              "Purpose": "Node.js file sharing application"
            },
            "timeouts": null
          },
          "sensitive_attributes": [],
          "identity_schema_version": 0,
          "private": "eyJlMmJmYjczMC1lY2FhLTExZTYtOGY4OC0zNDM2M2JjN2M0YzAiOnsiY3JlYXRlIjoxODAwMDAwMDAwMDAwLCJkZWxldGUiOjE4MDAwMDAwMDAwMDAsInJlYWQiOjMwMDAwMDAwMDAwMCwidXBkYXRlIjoxODAwMDAwMDAwMDAwfX0=",
          "dependencies": [
            "data.azurerm_resource_group.existing"
          ]
        }
      ]
    },
    {
      "mode": "managed",
      "type": "azurerm_public_ip",
      "name": "toyshare_vm_pip",
      "provider": "provider[\"registry.terraform.io/hashicorp/azurerm\"]",
      "instances": [
        {
          "schema_version": 0,
          "attributes": {
            "allocation_method": "Static",
            "ddos_protection_mode": "VirtualNetworkInherited",
            "ddos_protection_plan_id": null,
            "domain_name_label": "toyshare-vm",
            "edge_zone": "",
            "fqdn": "toyshare-vm.eastus.cloudapp.azure.com",
            "id": "/subscriptions/516c683e-d8f1-429f-8977-56e975fd6c10/resourceGroups/rg-sreyas-projects/providers/Microsoft.Network/publicIPAddresses/pip-toyshare-vm",
            "idle_timeout_in_minutes": 4,
            "ip_address": "20.51.196.218",
            "ip_tags": {},
            "ip_version": "IPv4",
            "location": "eastus",
            "name": "pip-toyshare-vm",
            "public_ip_prefix_id": null,
            "resource_group_name": "rg-sreyas-projects",
            "reverse_fqdn": "",
            "sku": "Standard",
            "sku_tier": "Regional",
            "tags": {
              "Environment": "Development",
              "Owner": "DevOps Team",
              "Project": "ToyShare",
              "Purpose": "Node.js file sharing application"
            },
            "timeouts": null,
            "zones": []
          },
          "sensitive_attributes": [],
          "identity_schema_version": 0,
          "private": "eyJlMmJmYjczMC1lY2FhLTExZTYtOGY4OC0zNDM2M2JjN2M0YzAiOnsiY3JlYXRlIjoxODAwMDAwMDAwMDAwLCJkZWxldGUiOjE4MDAwMDAwMDAwMDAsInJlYWQiOjMwMDAwMDAwMDAwMCwidXBkYXRlIjoxODAwMDAwMDAwMDAwfX0=",
          "dependencies": [
            "data.azurerm_resource_group.existing"
          ]
        }
      ]
    }
  ],
  "check_results": null
}
