{
  "version": 4,
  "terraform_version": "1.14.0",
  "serial": 14,
  "lineage": "d0ef106f-2924-6dc5-aeeb-545e18d494f6",
  "outputs": {
    "toyshare_data_disk_id": {
      "value": "/subscriptions/516c683e-d8f1-429f-8977-56e975fd6c10/resourceGroups/rg-sreyas-projects/providers/Microsoft.Compute/disks/disk-toyshare-data",
      "type": "string"
    },
    "toyshare_vm_fqdn": {
      "value": "toyshare-vm.eastus.cloudapp.azure.com",
      "type": "string"
    },
    "toyshare_vm_private_ip": {
      "value": "10.0.1.5",
      "type": "string"
    },
    "toyshare_vm_public_ip": {
      "value": "20.51.196.218",
      "type": "string"
    }
  },
  "resources": [
    {
      "mode": "data",
      "type": "azurerm_network_security_group",
      "name": "public",
      "provider": "provider[\"registry.terraform.io/hashicorp/azurerm\"]",
      "instances": [
        {
          "schema_version": 0,
          "attributes": {
            "id": "/subscriptions/516c683e-d8f1-429f-8977-56e975fd6c10/resourceGroups/rg-sreyas-projects/providers/Microsoft.Network/networkSecurityGroups/nsg-sreyas-projects-public",
            "location": "eastus",
            "name": "nsg-sreyas-projects-public",
            "resource_group_name": "rg-sreyas-projects",
            "security_rule": [
              {
                "access": "Allow",
                "description": "",
                "destination_address_prefix": "*",
                "destination_address_prefixes": [],
                "destination_application_security_group_ids": [],
                "destination_port_range": "443",
                "destination_port_ranges": [],
                "direction": "Inbound",
                "name": "HTTPS-Restricted",
                "priority": 1003,
                "protocol": "Tcp",
                "source_address_prefix": "",
                "source_address_prefixes": [
                  "136.226.78.0/24",
                  "170.85.154.0/24",
                  "172.126.69.0/24"
                ],
                "source_application_security_group_ids": [],
                "source_port_range": "*",
                "source_port_ranges": []
              },
              {
                "access": "Allow",
                "description": "",
                "destination_address_prefix": "*",
                "destination_address_prefixes": [],
                "destination_application_security_group_ids": [],
                "destination_port_range": "22",
                "destination_port_ranges": [],
                "direction": "Inbound",
                "name": "SSH-Restricted",
                "priority": 1001,
                "protocol": "Tcp",
                "source_address_prefix": "",
                "source_address_prefixes": [
                  "136.226.78.0/24",
                  "170.85.154.0/24",
                  "172.126.69.0/24"
                ],
                "source_application_security_group_ids": [],
                "source_port_range": "*",
                "source_port_ranges": []
              }
            ],
            "tags": {
              "App": "Sreyas Home Page",
              "Environment": "Development",
              "Owner": "DevOps Team",
              "Project": "Azure VPC Setup"
            },
            "timeouts": null
          },
          "sensitive_attributes": [],
          "identity_schema_version": 0
        }
      ]
    },
    {
      "mode": "data",
      "type": "azurerm_resource_group",
      "name": "existing",
      "provider": "provider[\"registry.terraform.io/hashicorp/azurerm\"]",
      "instances": [
        {
          "schema_version": 0,
          "attributes": {
            "id": "/subscriptions/516c683e-d8f1-429f-8977-56e975fd6c10/resourceGroups/rg-sreyas-projects",
            "location": "eastus",
            "managed_by": "",
            "name": "rg-sreyas-projects",
            "tags": {
              "App": "Sreyas Home Page",
              "Environment": "Development",
              "Owner": "DevOps Team",
              "Project": "Azure VPC Setup"
            },
            "timeouts": null
          },
          "sensitive_attributes": [],
          "identity_schema_version": 0
        }
      ]
    },
    {
      "mode": "data",
      "type": "azurerm_subnet",
      "name": "public",
      "provider": "provider[\"registry.terraform.io/hashicorp/azurerm\"]",
      "instances": [
        {
          "schema_version": 0,
          "attributes": {
            "address_prefix": "10.0.1.0/24",
            "address_prefixes": [
              "10.0.1.0/24"
            ],
            "default_outbound_access_enabled": true,
            "enforce_private_link_endpoint_network_policies": false,
            "enforce_private_link_service_network_policies": false,
            "id": "/subscriptions/516c683e-d8f1-429f-8977-56e975fd6c10/resourceGroups/rg-sreyas-projects/providers/Microsoft.Network/virtualNetworks/vnet-sreyas-projects/subnets/subnet-sreyas-projects-public",
            "name": "subnet-sreyas-projects-public",
            "network_security_group_id": "/subscriptions/516c683e-d8f1-429f-8977-56e975fd6c10/resourceGroups/rg-sreyas-projects/providers/Microsoft.Network/networkSecurityGroups/nsg-sreyas-projects-public",
            "private_endpoint_network_policies": "Enabled",
            "private_endpoint_network_policies_enabled": true,
            "private_link_service_network_policies_enabled": true,
            "resource_group_name": "rg-sreyas-projects",
            "route_table_id": "",
            "service_endpoints": [],
            "timeouts": null,
            "virtual_network_name": "vnet-sreyas-projects"
          },
          "sensitive_attributes": [],
          "identity_schema_version": 0
        }
      ]
    },
    {
      "mode": "data",
      "type": "azurerm_virtual_network",
      "name": "existing",
      "provider": "provider[\"registry.terraform.io/hashicorp/azurerm\"]",
      "instances": [
        {
          "schema_version": 0,
          "attributes": {
            "address_space": [
              "10.0.0.0/16"
            ],
            "dns_servers": [],
            "guid": "689076aa-e76c-4d8e-b043-6ace38d5cc51",
            "id": "/subscriptions/516c683e-d8f1-429f-8977-56e975fd6c10/resourceGroups/rg-sreyas-projects/providers/Microsoft.Network/virtualNetworks/vnet-sreyas-projects",
            "location": "eastus",
            "name": "vnet-sreyas-projects",
            "resource_group_name": "rg-sreyas-projects",
            "subnets": [
              "subnet-sreyas-projects-private",
              "subnet-sreyas-projects-public"
            ],
            "tags": {
              "App": "Sreyas Home Page",
              "Environment": "Development",
              "Owner": "DevOps Team",
              "Project": "Azure VPC Setup"
            },
            "timeouts": null,
            "vnet_peerings": {},
            "vnet_peerings_addresses": []
          },
          "sensitive_attributes": [],
          "identity_schema_version": 0
        }
      ]
    },
    {
      "mode": "managed",
      "type": "azurerm_linux_virtual_machine",
      "name": "toyshare_vm",
      "provider": "provider[\"registry.terraform.io/hashicorp/azurerm\"]",
      "instances": [
        {
          "schema_version": 0,
          "attributes": {
            "additional_capabilities": [
              {
                "hibernation_enabled": false,
                "ultra_ssd_enabled": false
              }
            ],
            "admin_password": null,
            "admin_ssh_key": [
              {
                "public_key": "ssh-rsa AAAAB3NzaC1yc2EAAAADAQABAAACAQC9BiACc6SPAYp2f54eq3s8dLNMtB+h9xdaIEeA7Uv5/cWdAAyt6SRI2cR/WsgmGzOkWiBHo2BGfW+zBs516L3hdp79XdZmGCGuvgZ69yiJPp69ySaD9A0xO+UT3p8iPVieJJiaG4EDSC08DS8kcf6SHz0hVS6OW9UnvC151V/XszwfUtHDL0EX5H7I1QBTtdyUsfaMCn85/4q0XmlYEuWQUyXOqshBLzmvZZsJ8nHZcfqsbMYDdLtQWjs7X/s2U3nxlzPyrCmr+7h5BbAzWxsq5jsds0BaH7Oo7Hbtc341SDuDfRHc82Cgv5qnNCtWlQ+68Nk7UL8Am862XP2YnO8FhPafbzuKJsQYoOcMpNTr9cRCr7qAgQK0uz/WaB5Vhk0wEFMn7Uvb85zvWjyd/EnIz5zoGdHC+unpOuZBnOPhkiaSRXDYgkzdgOw9W4/rBqIm4kby4SRr48OtTsflZgQxqkojAmtcK3ZSBzM8KZrXPV6Vc7g0G3ISM3ejPgXfE7agCCWEsgmcYXMHYIUvCDNfvHJchXheLETfy02OwGkJiA08tTezH6u2LSEstRpKcB9w5lXoiX8Zfe9s5YcGnl2R4dioSkoN9SH5Ky7bpWVNG5dUI+PyA6VQpn8vHGtcblajhoBN+GFwxaCitYe3sBYzNOkOxzJubHn6CYdLHtd9+Q== sreyasrosh@gmail.com\n",
                "username": "azureuser"
              }
            ],
            "admin_username": "azureuser",
            "allow_extension_operations": true,
            "availability_set_id": "",
            "boot_diagnostics": [],
            "bypass_platform_safety_checks_on_user_schedule_enabled": false,
            "capacity_reservation_group_id": "",
            "computer_name": "toysharevm",
            "custom_data": "IyEvYmluL2Jhc2gKIyBMb2cgYWxsIG91dHB1dCB0byAvdG1wL3RveXNoYXJlX3NldHVwLmxvZwpleGVjID4gPih0ZWUgLWEgL3RtcC90b3lzaGFyZV9zZXR1cC5sb2cpIDI+JjEKCmVjaG8gIlN0YXJ0aW5nIFRveVNoYXJlIFZNIHNldHVwLi4uIgoKIyBXYWl0IGZvciB0aGUgZGF0YSBkaXNrIHRvIGJlIGF2YWlsYWJsZQplY2hvICJXYWl0aW5nIGZvciBkYXRhIGRpc2sgdG8gYmUgYXZhaWxhYmxlLi4uIgp3aGlsZSBbICEgLWIgL2Rldi9kaXNrL2F6dXJlL3Njc2kxL2x1bjAgXTsgZG8KICBlY2hvICJXYWl0aW5nIGZvciBkYXRhIGRpc2suLi4iCiAgc2xlZXAgNQpkb25lCgojIENoZWNrIGlmIHRoZSBkaXNrIGFscmVhZHkgaGFzIGEgZmlsZXN5c3RlbQplY2hvICJDaGVja2luZyBkaXNrIGZpbGVzeXN0ZW0uLi4iCmlmICEgYmxraWQgL2Rldi9kaXNrL2F6dXJlL3Njc2kxL2x1bjA7IHRoZW4KICAgIGVjaG8gIkNyZWF0aW5nIGZpbGVzeXN0ZW0gb24gZGF0YSBkaXNrLi4uIgogICAgbWtmcyAtdCBleHQ0IC9kZXYvZGlzay9henVyZS9zY3NpMS9sdW4wCmVsc2UKICAgIGVjaG8gIkZpbGVzeXN0ZW0gYWxyZWFkeSBleGlzdHMgb24gZGF0YSBkaXNrIgpmaQoKIyBDcmVhdGUgbW91bnQgcG9pbnQgYW5kIG1vdW50IHRoZSBkYXRhIGRpc2sgZGlyZWN0bHkgdG8gdXBsb2FkcyBkaXJlY3RvcnkKZWNobyAiTW91bnRpbmcgZGF0YSBkaXNrIHRvIC9vcHQvdG95ZXhjaGFuZ2UvdXBsb2Fkcy4uLiIKbWtkaXIgLXAgL29wdC90b3lleGNoYW5nZS91cGxvYWRzCm1vdW50IC9kZXYvZGlzay9henVyZS9zY3NpMS9sdW4wIC9vcHQvdG95ZXhjaGFuZ2UvdXBsb2FkcwoKIyBBZGQgdG8gZnN0YWIgZm9yIGF1dG9tYXRpYyBtb3VudGluZwplY2hvICJBZGRpbmcgdG8gZnN0YWIuLi4iClVVSUQ9JCQoYmxraWQgLXMgVVVJRCAtbyB2YWx1ZSAvZGV2L2Rpc2svYXp1cmUvc2NzaTEvbHVuMCkKZWNobyAiVVVJRD0kJFVVSUQgIC9vcHQvdG95ZXhjaGFuZ2UvdXBsb2FkcyAgZXh0NCAgZGVmYXVsdHMsbm9mYWlsICAwICAyIiA+PiAvZXRjL2ZzdGFiCgojIENyZWF0ZSBsb2dzIGRpcmVjdG9yeQplY2hvICJTZXR0aW5nIHVwIGRpcmVjdG9yeSBzdHJ1Y3R1cmUuLi4iCm1rZGlyIC1wIC9vcHQvdG95ZXhjaGFuZ2UvbG9ncwoKIyBTZXQgcHJvcGVyIHBlcm1pc3Npb25zIGZvciB1cGxvYWRzIGRpcmVjdG9yeSAod3JpdGFibGUgYnkgbm9kZWpzIGFwcCkKY2hvd24gLVIgd3d3LWRhdGE6d3d3LWRhdGEgL29wdC90b3lleGNoYW5nZQpjaG1vZCAtUiA3NTUgL29wdC90b3lleGNoYW5nZQpjaG1vZCA3NzUgL29wdC90b3lleGNoYW5nZS91cGxvYWRzCgojIENyZWF0ZSBsb2dyb3RhdGUgY29uZmlndXJhdGlvbiBmb3IgdG95ZXhjaGFuZ2UgbG9ncwplY2hvICJTZXR0aW5nIHVwIGxvZ3JvdGF0ZSBjb25maWd1cmF0aW9uLi4uIgpjYXQgPiAvZXRjL2xvZ3JvdGF0ZS5kL3RveWV4Y2hhbmdlIDw8ICdFT0YnCi9vcHQvdG95ZXhjaGFuZ2UvbG9ncy8qLmxvZyB7CiAgICBkYWlseQogICAgbWlzc2luZ29rCiAgICByb3RhdGUgNwogICAgY29tcHJlc3MKICAgIGRlbGF5Y29tcHJlc3MKICAgIG5vdGlmZW1wdHkKICAgIGNyZWF0ZSA2NDQgd3d3LWRhdGEgd3d3LWRhdGEKICAgIHBvc3Ryb3RhdGUKICAgICAgICBwbTIgcmVsb2FkTG9ncwogICAgZW5kc2NyaXB0Cn0KRU9GCgojIEVuc3VyZSBsb2dyb3RhdGUgaXMgaW5zdGFsbGVkIGFuZCBjb25maWd1cmVkCmFwdC1nZXQgdXBkYXRlCmFwdC1nZXQgaW5zdGFsbCAteSBsb2dyb3RhdGUKCiMgVGVzdCBsb2dyb3RhdGUgY29uZmlndXJhdGlvbgplY2hvICJUZXN0aW5nIGxvZ3JvdGF0ZSBjb25maWd1cmF0aW9uLi4uIgpsb2dyb3RhdGUgLWQgL2V0Yy9sb2dyb3RhdGUuZC90b3lleGNoYW5nZQoKIyBDcmVhdGUgZW52aXJvbm1lbnQgZmlsZSBmb3IgdG95ZXhjaGFuZ2UgYXBwCmVjaG8gIkNyZWF0aW5nIGVudmlyb25tZW50IGZpbGUuLi4iCmNhdCA+IC9vcHQvdG95ZXhjaGFuZ2UvLmVudiA8PCBFTlZFT0YKTk9ERV9FTlY9cHJvZHVjdGlvbgpQT1JUPTMwMDAKVVBMT0FEU19ESVI9L29wdC90b3lleGNoYW5nZS91cGxvYWRzCkVOVkVPRgoKIyBEb3dubG9hZCBhbmQgZXhlY3V0ZSB0aGUgc2V0dXAgc2NyaXB0IGZvciBuZ2lueCBhbmQgU1NMCmVjaG8gIkRvd25sb2FkaW5nIGFuZCBleGVjdXRpbmcgc2V0dXAgc2NyaXB0Li4uIgpjdXJsIC1mc1NMICJodHRwczovL3Jhdy5naXRodWJ1c2VyY29udGVudC5jb20vcm9zaHByL2F6dXJlLXNyZXlhcy10b3lzaGFyZS9yZWZzL2hlYWRzL21haW4vc2V0dXAtdG95c2hhcmUtbmdpbnguc2giIHwgYmFzaCAtcyAtLSAidG95LXNoYXJlLm9yZyIgIi9vcHQvdG95ZXhjaGFuZ2UvdXBsb2FkcyIKCmVjaG8gIlRveVNoYXJlIFZNIHNldHVwIGNvbXBsZXRlZCBzdWNjZXNzZnVsbHkhIgo=",
            "dedicated_host_group_id": "",
            "dedicated_host_id": "",
            "disable_password_authentication": true,
            "disk_controller_type": "SCSI",
            "edge_zone": "",
            "encryption_at_host_enabled": false,
            "eviction_policy": "",
            "extensions_time_budget": "PT1H30M",
            "gallery_application": [],
            "id": "/subscriptions/516c683e-d8f1-429f-8977-56e975fd6c10/resourceGroups/rg-sreyas-projects/providers/Microsoft.Compute/virtualMachines/toysharevm",
            "identity": [],
            "license_type": "",
            "location": "eastus",
            "max_bid_price": -1,
            "name": "toysharevm",
            "network_interface_ids": [
              "/subscriptions/516c683e-d8f1-429f-8977-56e975fd6c10/resourceGroups/rg-sreyas-projects/providers/Microsoft.Network/networkInterfaces/nic-toyshare-vm"
            ],
            "os_disk": [
              {
                "caching": "ReadWrite",
                "diff_disk_settings": [],
                "disk_encryption_set_id": "",
                "disk_size_gb": 50,
                "name": "toysharevm_OsDisk_1_1fc96beb70674c82a2d66d613dc7ad0f",
                "secure_vm_disk_encryption_set_id": "",
                "security_encryption_type": "",
                "storage_account_type": "Standard_LRS",
                "write_accelerator_enabled": false
              }
            ],
            "os_image_notification": [],
            "patch_assessment_mode": "ImageDefault",
            "patch_mode": "ImageDefault",
            "plan": [],
            "platform_fault_domain": -1,
            "priority": "Regular",
            "private_ip_address": "10.0.1.5",
            "private_ip_addresses": [
              "10.0.1.5"
            ],
            "provision_vm_agent": true,
            "proximity_placement_group_id": "",
            "public_ip_address": "20.51.196.218",
            "public_ip_addresses": [
              "20.51.196.218"
            ],
            "reboot_setting": "",
            "resource_group_name": "rg-sreyas-projects",
            "secret": [],
            "secure_boot_enabled": false,
            "size": "Standard_B2ms",
            "source_image_id": "",
            "source_image_reference": [
              {
                "offer": "0001-com-ubuntu-server-jammy",
                "publisher": "Canonical",
                "sku": "22_04-lts-gen2",
                "version": "latest"
              }
            ],
            "tags": {
              "Environment": "Development",
              "Owner": "DevOps Team",
              "Project": "ToyShare",
              "Purpose": "Node.js file sharing application"
            },
            "termination_notification": [],
            "timeouts": null,
            "user_data": "",
            "virtual_machine_id": "c0a6ce96-b6db-4368-b9eb-6a110e4d7158",
            "virtual_machine_scale_set_id": "",
            "vm_agent_platform_updates_enabled": false,
            "vtpm_enabled": false,
            "zone": ""
          },
          "sensitive_attributes": [
            [
              {
                "type": "get_attr",
                "value": "admin_password"
              }
            ],
            [
              {
                "type": "get_attr",
                "value": "custom_data"
              }
            ]
          ],
          "identity_schema_version": 0,
          "private": "eyJlMmJmYjczMC1lY2FhLTExZTYtOGY4OC0zNDM2M2JjN2M0YzAiOnsiY3JlYXRlIjoyNzAwMDAwMDAwMDAwLCJkZWxldGUiOjI3MDAwMDAwMDAwMDAsInJlYWQiOjMwMDAwMDAwMDAwMCwidXBkYXRlIjoyNzAwMDAwMDAwMDAwfX0=",
          "dependencies": [
            "azurerm_network_interface.toyshare_vm_nic",
            "azurerm_public_ip.toyshare_vm_pip",
            "data.azurerm_resource_group.existing",
            "data.azurerm_subnet.public",
            "data.azurerm_virtual_network.existing"
          ]
        }
      ]
    },
    {
      "mode": "managed",
      "type": "azurerm_managed_disk",
      "name": "toyshare_data",
      "provider": "provider[\"registry.terraform.io/hashicorp/azurerm\"]",
      "instances": [
        {
          "schema_version": 1,
          "attributes": {
            "create_option": "Empty",
            "disk_access_id": "",
            "disk_encryption_set_id": "",
            "disk_iops_read_only": 0,
            "disk_iops_read_write": 500,
            "disk_mbps_read_only": 0,
            "disk_mbps_read_write": 60,
            "disk_size_gb": 50,
            "edge_zone": "",
            "encryption_settings": [],
            "gallery_image_reference_id": "",
            "hyper_v_generation": "",
            "id": "/subscriptions/516c683e-d8f1-429f-8977-56e975fd6c10/resourceGroups/rg-sreyas-projects/providers/Microsoft.Compute/disks/disk-toyshare-data",
            "image_reference_id": "",
            "location": "eastus",
            "logical_sector_size": null,
            "max_shares": 0,
            "name": "disk-toyshare-data",
            "network_access_policy": null,
            "on_demand_bursting_enabled": false,
            "optimized_frequent_attach_enabled": false,
            "os_type": "",
            "performance_plus_enabled": false,
            "public_network_access_enabled": true,
            "resource_group_name": "rg-sreyas-projects",
            "secure_vm_disk_encryption_set_id": "",
            "security_type": "",
            "source_resource_id": "",
            "source_uri": "",
            "storage_account_id": "",
            "storage_account_type": "Standard_LRS",
            "tags": {
              "Environment": "Development",
              "Owner": "DevOps Team",
              "Project": "ToyShare",
              "Purpose": "Node.js file sharing application"
            },
            "tier": "",
            "timeouts": null,
            "trusted_launch_enabled": false,
            "upload_size_bytes": 0,
            "zone": ""
          },
          "sensitive_attributes": [],
          "identity_schema_version": 0,
          "private": "eyJlMmJmYjczMC1lY2FhLTExZTYtOGY4OC0zNDM2M2JjN2M0YzAiOnsiY3JlYXRlIjoxODAwMDAwMDAwMDAwLCJkZWxldGUiOjE4MDAwMDAwMDAwMDAsInJlYWQiOjMwMDAwMDAwMDAwMCwidXBkYXRlIjoxODAwMDAwMDAwMDAwfSwic2NoZW1hX3ZlcnNpb24iOiIxIn0=",
          "dependencies": [
            "data.azurerm_resource_group.existing"
          ]
        }
      ]
    },
    {
      "mode": "managed",
      "type": "azurerm_network_interface",
      "name": "toyshare_vm_nic",
      "provider": "provider[\"registry.terraform.io/hashicorp/azurerm\"]",
      "instances": [
        {
          "schema_version": 0,
          "attributes": {
            "accelerated_networking_enabled": false,
            "applied_dns_servers": [],
            "auxiliary_mode": "",
            "auxiliary_sku": "",
            "dns_servers": [],
            "edge_zone": "",
            "enable_accelerated_networking": false,
            "enable_ip_forwarding": false,
            "id": "/subscriptions/516c683e-d8f1-429f-8977-56e975fd6c10/resourceGroups/rg-sreyas-projects/providers/Microsoft.Network/networkInterfaces/nic-toyshare-vm",
            "internal_dns_name_label": "",
            "internal_domain_name_suffix": "vj1ja0dm24he1mcdnlhdrvomkb.bx.internal.cloudapp.net",
            "ip_configuration": [
              {
                "gateway_load_balancer_frontend_ip_configuration_id": "",
                "name": "ipcfg-toyshare",
                "primary": true,
                "private_ip_address": "10.0.1.5",
                "private_ip_address_allocation": "Dynamic",
                "private_ip_address_version": "IPv4",
                "public_ip_address_id": "/subscriptions/516c683e-d8f1-429f-8977-56e975fd6c10/resourceGroups/rg-sreyas-projects/providers/Microsoft.Network/publicIPAddresses/pip-toyshare-vm",
                "subnet_id": "/subscriptions/516c683e-d8f1-429f-8977-56e975fd6c10/resourceGroups/rg-sreyas-projects/providers/Microsoft.Network/virtualNetworks/vnet-sreyas-projects/subnets/subnet-sreyas-projects-public"
              }
            ],
            "ip_forwarding_enabled": false,
            "location": "eastus",
            "mac_address": "60-45-BD-FE-91-62",
            "name": "nic-toyshare-vm",
            "private_ip_address": "10.0.1.5",
            "private_ip_addresses": [
              "10.0.1.5"
            ],
            "resource_group_name": "rg-sreyas-projects",
            "tags": {
              "Environment": "Development",
              "Owner": "DevOps Team",
              "Project": "ToyShare",
              "Purpose": "Node.js file sharing application"
            },
            "timeouts": null,
            "virtual_machine_id": "/subscriptions/516c683e-d8f1-429f-8977-56e975fd6c10/resourceGroups/rg-sreyas-projects/providers/Microsoft.Compute/virtualMachines/toysharevm"
          },
          "sensitive_attributes": [],
          "identity_schema_version": 0,
          "private": "eyJlMmJmYjczMC1lY2FhLTExZTYtOGY4OC0zNDM2M2JjN2M0YzAiOnsiY3JlYXRlIjoxODAwMDAwMDAwMDAwLCJkZWxldGUiOjE4MDAwMDAwMDAwMDAsInJlYWQiOjMwMDAwMDAwMDAwMCwidXBkYXRlIjoxODAwMDAwMDAwMDAwfX0=",
          "dependencies": [
            "azurerm_public_ip.toyshare_vm_pip",
            "data.azurerm_resource_group.existing",
            "data.azurerm_subnet.public",
            "data.azurerm_virtual_network.existing"
          ]
        }
      ]
    },
    {
      "mode": "managed",
      "type": "azurerm_network_interface_security_group_association",
      "name": "toyshare_nsg_assoc",
      "provider": "provider[\"registry.terraform.io/hashicorp/azurerm\"]",
      "instances": [
        {
          "schema_version": 0,
          "attributes": {
            "id": "/subscriptions/516c683e-d8f1-429f-8977-56e975fd6c10/resourceGroups/rg-sreyas-projects/providers/Microsoft.Network/networkInterfaces/nic-toyshare-vm|/subscriptions/516c683e-d8f1-429f-8977-56e975fd6c10/resourceGroups/rg-sreyas-projects/providers/Microsoft.Network/networkSecurityGroups/nsg-toyshare-vm",
            "network_interface_id": "/subscriptions/516c683e-d8f1-429f-8977-56e975fd6c10/resourceGroups/rg-sreyas-projects/providers/Microsoft.Network/networkInterfaces/nic-toyshare-vm",
            "network_security_group_id": "/subscriptions/516c683e-d8f1-429f-8977-56e975fd6c10/resourceGroups/rg-sreyas-projects/providers/Microsoft.Network/networkSecurityGroups/nsg-toyshare-vm",
            "timeouts": null
          },
          "sensitive_attributes": [],
          "identity_schema_version": 0,
          "private": "eyJlMmJmYjczMC1lY2FhLTExZTYtOGY4OC0zNDM2M2JjN2M0YzAiOnsiY3JlYXRlIjoxODAwMDAwMDAwMDAwLCJkZWxldGUiOjE4MDAwMDAwMDAwMDAsInJlYWQiOjMwMDAwMDAwMDAwMH19",
          "dependencies": [
            "azurerm_network_interface.toyshare_vm_nic",
            "azurerm_network_security_group.toyshare_nsg",
            "azurerm_public_ip.toyshare_vm_pip",
            "data.azurerm_resource_group.existing",
            "data.azurerm_subnet.public",
            "data.azurerm_virtual_network.existing"
          ]
        }
      ]
    },
    {
      "mode": "managed",
      "type": "azurerm_network_security_group",
      "name": "toyshare_nsg",
      "provider": "provider[\"registry.terraform.io/hashicorp/azurerm\"]",
      "instances": [
        {
          "schema_version": 0,
          "attributes": {
            "id": "/subscriptions/516c683e-d8f1-429f-8977-56e975fd6c10/resourceGroups/rg-sreyas-projects/providers/Microsoft.Network/networkSecurityGroups/nsg-toyshare-vm",
            "location": "eastus",
            "name": "nsg-toyshare-vm",
            "resource_group_name": "rg-sreyas-projects",
            "security_rule": [
              {
                "access": "Allow",
                "description": "",
                "destination_address_prefix": "*",
                "destination_address_prefixes": [],
                "destination_application_security_group_ids": [],
                "destination_port_range": "3000",
                "destination_port_ranges": [],
                "direction": "Inbound",
                "name": "NodeJS-Restricted",
                "priority": 1004,
                "protocol": "Tcp",
                "source_address_prefix": "*",
                "source_address_prefixes": [],
                "source_application_security_group_ids": [],
                "source_port_range": "*",
                "source_port_ranges": []
              },
              {
                "access": "Allow",
                "description": null,
                "destination_address_prefix": "*",
                "destination_address_prefixes": [],
                "destination_application_security_group_ids": [],
                "destination_port_range": "*",
                "destination_port_ranges": [],
                "direction": "Outbound",
                "name": "Allow-Outbound",
                "priority": 100,
                "protocol": "*",
                "source_address_prefix": "*",
                "source_address_prefixes": [],
                "source_application_security_group_ids": [],
                "source_port_range": "*",
                "source_port_ranges": []
              },
              {
                "access": "Allow",
                "description": null,
                "destination_address_prefix": "*",
                "destination_address_prefixes": [],
                "destination_application_security_group_ids": [],
                "destination_port_range": "22",
                "destination_port_ranges": [],
                "direction": "Inbound",
                "name": "SSH-Restricted",
                "priority": 1001,
                "protocol": "Tcp",
                "source_address_prefix": null,
                "source_address_prefixes": [
                  "170.85.154.0/24"
                ],
                "source_application_security_group_ids": [],
                "source_port_range": "*",
                "source_port_ranges": []
              },
              {
                "access": "Allow",
                "description": null,
                "destination_address_prefix": "*",
                "destination_address_prefixes": [],
                "destination_application_security_group_ids": [],
                "destination_port_range": "443",
                "destination_port_ranges": [],
                "direction": "Inbound",
                "name": "HTTPS-Public",
                "priority": 1003,
                "protocol": "Tcp",
                "source_address_prefix": "*",
                "source_address_prefixes": [],
                "source_application_security_group_ids": [],
                "source_port_range": "*",
                "source_port_ranges": []
              },
              {
                "access": "Allow",
                "description": null,
                "destination_address_prefix": "*",
                "destination_address_prefixes": [],
                "destination_application_security_group_ids": [],
                "destination_port_range": "80",
                "destination_port_ranges": [],
                "direction": "Inbound",
                "name": "HTTP-Public",
                "priority": 1002,
                "protocol": "Tcp",
                "source_address_prefix": "*",
                "source_address_prefixes": [],
                "source_application_security_group_ids": [],
                "source_port_range": "*",
                "source_port_ranges": []
              }
            ],
            "tags": {
              "Environment": "Development",
              "Owner": "DevOps Team",
              "Project": "ToyShare",
              "Purpose": "Node.js file sharing application"
            },
            "timeouts": null
          },
          "sensitive_attributes": [],
          "identity_schema_version": 0,
          "private": "eyJlMmJmYjczMC1lY2FhLTExZTYtOGY4OC0zNDM2M2JjN2M0YzAiOnsiY3JlYXRlIjoxODAwMDAwMDAwMDAwLCJkZWxldGUiOjE4MDAwMDAwMDAwMDAsInJlYWQiOjMwMDAwMDAwMDAwMCwidXBkYXRlIjoxODAwMDAwMDAwMDAwfX0=",
          "dependencies": [
            "data.azurerm_resource_group.existing"
          ]
        }
      ]
    },
    {
      "mode": "managed",
      "type": "azurerm_public_ip",
      "name": "toyshare_vm_pip",
      "provider": "provider[\"registry.terraform.io/hashicorp/azurerm\"]",
      "instances": [
        {
          "schema_version": 0,
          "attributes": {
            "allocation_method": "Static",
            "ddos_protection_mode": "VirtualNetworkInherited",
            "ddos_protection_plan_id": null,
            "domain_name_label": "toyshare-vm",
            "edge_zone": "",
            "fqdn": "toyshare-vm.eastus.cloudapp.azure.com",
            "id": "/subscriptions/516c683e-d8f1-429f-8977-56e975fd6c10/resourceGroups/rg-sreyas-projects/providers/Microsoft.Network/publicIPAddresses/pip-toyshare-vm",
            "idle_timeout_in_minutes": 4,
            "ip_address": "20.51.196.218",
            "ip_tags": {},
            "ip_version": "IPv4",
            "location": "eastus",
            "name": "pip-toyshare-vm",
            "public_ip_prefix_id": null,
            "resource_group_name": "rg-sreyas-projects",
            "reverse_fqdn": "",
            "sku": "Standard",
            "sku_tier": "Regional",
            "tags": {
              "Environment": "Development",
              "Owner": "DevOps Team",
              "Project": "ToyShare",
              "Purpose": "Node.js file sharing application"
            },
            "timeouts": null,
            "zones": []
          },
          "sensitive_attributes": [],
          "identity_schema_version": 0,
          "private": "eyJlMmJmYjczMC1lY2FhLTExZTYtOGY4OC0zNDM2M2JjN2M0YzAiOnsiY3JlYXRlIjoxODAwMDAwMDAwMDAwLCJkZWxldGUiOjE4MDAwMDAwMDAwMDAsInJlYWQiOjMwMDAwMDAwMDAwMCwidXBkYXRlIjoxODAwMDAwMDAwMDAwfX0=",
          "dependencies": [
            "data.azurerm_resource_group.existing"
          ]
        }
      ]
    },
    {
      "mode": "managed",
      "type": "azurerm_virtual_machine_data_disk_attachment",
      "name": "toyshare_data_attach",
      "provider": "provider[\"registry.terraform.io/hashicorp/azurerm\"]",
      "instances": [
        {
          "schema_version": 0,
          "attributes": {
            "caching": "ReadWrite",
            "create_option": "Attach",
            "id": "/subscriptions/516c683e-d8f1-429f-8977-56e975fd6c10/resourceGroups/rg-sreyas-projects/providers/Microsoft.Compute/virtualMachines/toysharevm/dataDisks/disk-toyshare-data",
            "lun": 0,
            "managed_disk_id": "/subscriptions/516c683e-d8f1-429f-8977-56e975fd6c10/resourceGroups/rg-sreyas-projects/providers/Microsoft.Compute/disks/disk-toyshare-data",
            "timeouts": null,
            "virtual_machine_id": "/subscriptions/516c683e-d8f1-429f-8977-56e975fd6c10/resourceGroups/rg-sreyas-projects/providers/Microsoft.Compute/virtualMachines/toysharevm",
            "write_accelerator_enabled": false
          },
          "sensitive_attributes": [],
          "identity_schema_version": 0,
          "private": "eyJlMmJmYjczMC1lY2FhLTExZTYtOGY4OC0zNDM2M2JjN2M0YzAiOnsiY3JlYXRlIjoxODAwMDAwMDAwMDAwLCJkZWxldGUiOjE4MDAwMDAwMDAwMDAsInJlYWQiOjMwMDAwMDAwMDAwMCwidXBkYXRlIjoxODAwMDAwMDAwMDAwfX0=",
          "dependencies": [
            "azurerm_linux_virtual_machine.toyshare_vm",
            "azurerm_managed_disk.toyshare_data",
            "azurerm_network_interface.toyshare_vm_nic",
            "azurerm_public_ip.toyshare_vm_pip",
            "data.azurerm_resource_group.existing",
            "data.azurerm_subnet.public",
            "data.azurerm_virtual_network.existing"
          ]
        }
      ]
    }
  ],
  "check_results": null
}
